
Microsoft Visual Studio Solution File, Format Version 12.00
# Visual Studio Version 16
VisualStudioVersion = 16.0.28803.202
MinimumVisualStudioVersion = 10.0.40219.1
Project("{FAE04EC0-301F-11D3-BF4B-00C04F79EFBC}") = "HLB_Hackathon_GreenInitiative", "HLB_Hackathon_GreenInitiative\HLB_Hackathon_GreenInitiative.csproj", "{CF33DDFD-41A1-4E87-84F2-5940E0D8A36D}"
EndProject
Global
	GlobalSection(SolutionConfigurationPlatforms) = preSolution
		Debug|Any CPU = Debug|Any CPU
		Release|Any CPU = Release|Any CPU
	EndGlobalSection
	GlobalSection(ProjectConfigurationPlatforms) = postSolution
		{CF33DDFD-41A1-4E87-84F2-5940E0D8A36D}.Debug|Any CPU.ActiveCfg = Debug|Any CPU
		{CF33DDFD-41A1-4E87-84F2-5940E0D8A36D}.Debug|Any CPU.Build.0 = Debug|Any CPU
		{CF33DDFD-41A1-4E87-84F2-5940E0D8A36D}.Release|Any CPU.ActiveCfg = Release|Any CPU
		{CF33DDFD-41A1-4E87-84F2-5940E0D8A36D}.Release|Any CPU.Build.0 = Release|Any CPU
	EndGlobalSection
	GlobalSection(SolutionProperties) = preSolution
		HideSolutionNode = FALSE
	EndGlobalSection
	GlobalSection(ExtensibilityGlobals) = postSolution
		SolutionGuid = {0BB8B1C1-39ED-48C4-9E83-72678FC1339E}
	EndGlobalSection
EndGlobal
